%{
  "argon2_elixir": {:hex, :argon2_elixir, "4.0.0", "7f6cd2e4a93a37f61d58a367d82f830ad9527082ff3c820b8197a8a736648941", [:make, :mix], [{:comeonin, "~> 5.3", [hex: :comeonin, repo: "hexpm", optional: false]}, {:elixir_make, "~> 0.6", [hex: :elixir_make, repo: "hexpm", optional: false]}], "hexpm", "f9da27cf060c9ea61b1bd47837a28d7e48a8f6fa13a745e252556c14f9132c7f"},
  "bcrypt_elixir": {:hex, :bcrypt_elixir, "3.1.0", "0b110a9a6c619b19a7f73fa3004aa11d6e719a67e672d1633dc36b6b2290a0f7", [:make, :mix], [{:comeonin, "~> 5.3", [hex: :comeonin, repo: "hexpm", optional: false]}, {:elixir_make, "~> 0.6", [hex: :elixir_make, repo: "hexpm", optional: false]}], "hexpm", "2ad2acb5a8bc049e8d5aa267802631912bb80d5f4110a178ae7999e69dca1bf7"},
  "comeonin": {:hex, :comeonin, "5.4.0", "246a56ca3f41d404380fc6465650ddaa532c7f98be4bda1b4656b3a37cc13abe", [:mix], [], "hexpm", "796393a9e50d01999d56b7b8420ab0481a7538d0caf80919da493b4a6e51faf1"},
  "earmark_parser": {:hex, :earmark_parser, "1.4.39", "424642f8335b05bb9eb611aa1564c148a8ee35c9c8a8bba6e129d51a3e3c6769", [:mix], [], "hexpm", "06553a88d1f1846da9ef066b87b57c6f605552cfbe40d20bd8d59cc6bde41944"},
  "elixir_make": {:hex, :elixir_make, "0.8.4", "4960a03ce79081dee8fe119d80ad372c4e7badb84c493cc75983f9d3bc8bde0f", [:mix], [{:castore, "~> 0.1 or ~> 1.0", [hex: :castore, repo: "hexpm", optional: true]}, {:certifi, "~> 2.0", [hex: :certifi, repo: "hexpm", optional: true]}], "hexpm", "6e7f1d619b5f61dfabd0a20aa268e575572b542ac31723293a4c1a567d5ef040"},
  "email_checker": {:hex, :email_checker, "0.2.4", "2bf246646678c8a366f2f6d2394845facb87c025ceddbd699019d387726548aa", [:mix], [{:socket, "~> 0.3.1", [hex: :socket, repo: "hexpm", optional: true]}], "hexpm", "e4ac0e5eb035dce9c8df08ebffdb525a5d82e61dde37390ac2469222f723e50a"},
  "ex_doc": {:hex, :ex_doc, "0.34.1", "9751a0419bc15bc7580c73fde506b17b07f6402a1e5243be9e0f05a68c723368", [:mix], [{:earmark_parser, "~> 1.4.39", [hex: :earmark_parser, repo: "hexpm", optional: false]}, {:makeup_c, ">= 0.1.0", [hex: :makeup_c, repo: "hexpm", optional: true]}, {:makeup_elixir, "~> 0.14 or ~> 1.0", [hex: :makeup_elixir, repo: "hexpm", optional: false]}, {:makeup_erlang, "~> 0.1 or ~> 1.0", [hex: :makeup_erlang, repo: "hexpm", optional: false]}, {:makeup_html, ">= 0.1.0", [hex: :makeup_html, repo: "hexpm", optional: true]}], "hexpm", "d441f1a86a235f59088978eff870de2e815e290e44a8bd976fe5d64470a4c9d2"},
  "ex_phone_number": {:hex, :ex_phone_number, "0.4.4", "8e994abe583496a3308cf56af013dca9b47a0424b0a9940af41cb0d66b848dd3", [:mix], [{:sweet_xml, "~> 0.7", [hex: :sweet_xml, repo: "hexpm", optional: false]}], "hexpm", "a59875692ec57b3392959a7740f3e9a5cb08da88bcaee4efd480c770f5bb0f2c"},
  "ex_url": {:hex, :ex_url, "2.0.0", "c940f034895103fc493948ef0036c9473c396988dad3835531fb0c1476ba63c4", [:mix], [{:ex_cldr, "~> 2.18", [hex: :ex_cldr, repo: "hexpm", optional: true]}, {:ex_phone_number, "~> 0.1", [hex: :ex_phone_number, repo: "hexpm", optional: true]}, {:gettext, "~> 0.13", [hex: :gettext, repo: "hexpm", optional: true]}, {:jason, "~> 1.0", [hex: :jason, repo: "hexpm", optional: true]}, {:nimble_parsec, "~> 1.0", [hex: :nimble_parsec, repo: "hexpm", optional: false]}], "hexpm", "5bba73e551462f891a3cc47d7c1a42acff8dc0cb4dce02f03c937947db4f0d31"},
  "html_sanitize_ex": {:hex, :html_sanitize_ex, "1.4.3", "67b3d9fa8691b727317e0cc96b9b3093be00ee45419ffb221cdeee88e75d1360", [:mix], [{:mochiweb, "~> 2.15 or ~> 3.1", [hex: :mochiweb, repo: "hexpm", optional: false]}], "hexpm", "87748d3c4afe949c7c6eb7150c958c2bcba43fc5b2a02686af30e636b74bccb7"},
  "jason": {:hex, :jason, "1.4.1", "af1504e35f629ddcdd6addb3513c3853991f694921b1b9368b0bd32beb9f1b63", [:mix], [{:decimal, "~> 1.0 or ~> 2.0", [hex: :decimal, repo: "hexpm", optional: true]}], "hexpm", "fbb01ecdfd565b56261302f7e1fcc27c4fb8f32d56eab74db621fc154604a7a1"},
  "joken": {:hex, :joken, "2.6.1", "2ca3d8d7f83bf7196296a3d9b2ecda421a404634bfc618159981a960020480a1", [:mix], [{:jose, "~> 1.11.9", [hex: :jose, repo: "hexpm", optional: false]}], "hexpm", "ab26122c400b3d254ce7d86ed066d6afad27e70416df947cdcb01e13a7382e68"},
  "jose": {:hex, :jose, "1.11.10", "a903f5227417bd2a08c8a00a0cbcc458118be84480955e8d251297a425723f83", [:mix, :rebar3], [], "hexpm", "0d6cd36ff8ba174db29148fc112b5842186b68a90ce9fc2b3ec3afe76593e614"},
  "makeup": {:hex, :makeup, "1.1.2", "9ba8837913bdf757787e71c1581c21f9d2455f4dd04cfca785c70bbfff1a76a3", [:mix], [{:nimble_parsec, "~> 1.2.2 or ~> 1.3", [hex: :nimble_parsec, repo: "hexpm", optional: false]}], "hexpm", "cce1566b81fbcbd21eca8ffe808f33b221f9eee2cbc7a1706fc3da9ff18e6cac"},
  "makeup_elixir": {:hex, :makeup_elixir, "0.16.2", "627e84b8e8bf22e60a2579dad15067c755531fea049ae26ef1020cad58fe9578", [:mix], [{:makeup, "~> 1.0", [hex: :makeup, repo: "hexpm", optional: false]}, {:nimble_parsec, "~> 1.2.3 or ~> 1.3", [hex: :nimble_parsec, repo: "hexpm", optional: false]}], "hexpm", "41193978704763f6bbe6cc2758b84909e62984c7752b3784bd3c218bb341706b"},
  "makeup_erlang": {:hex, :makeup_erlang, "1.0.0", "6f0eff9c9c489f26b69b61440bf1b238d95badae49adac77973cbacae87e3c2e", [:mix], [{:makeup, "~> 1.0", [hex: :makeup, repo: "hexpm", optional: false]}], "hexpm", "ea7a9307de9d1548d2a72d299058d1fd2339e3d398560a0e46c27dab4891e4d2"},
  "mime": {:hex, :mime, "2.0.5", "dc34c8efd439abe6ae0343edbb8556f4d63f178594894720607772a041b04b02", [:mix], [], "hexpm", "da0d64a365c45bc9935cc5c8a7fc5e49a0e0f9932a761c55d6c52b142780a05c"},
  "mochiweb": {:hex, :mochiweb, "3.2.2", "bb435384b3b9fd1f92f2f3fe652ea644432877a3e8a81ed6459ce951e0482ad3", [:rebar3], [], "hexpm", "4114e51f1b44c270b3242d91294fe174ce1ed989100e8b65a1fab58e0cba41d5"},
  "nimble_parsec": {:hex, :nimble_parsec, "1.4.0", "51f9b613ea62cfa97b25ccc2c1b4216e81df970acd8e16e8d1bdc58fef21370d", [:mix], [], "hexpm", "9c565862810fb383e9838c1dd2d7d2c437b3d13b267414ba6af33e50d2d1cf28"},
  "nimble_totp": {:hex, :nimble_totp, "1.0.0", "79753bae6ce59fd7cacdb21501a1dbac249e53a51c4cd22b34fa8438ee067283", [:mix], [], "hexpm", "6ce5e4c068feecdb782e85b18237f86f66541523e6bad123e02ee1adbe48eda9"},
  "pbkdf2_elixir": {:hex, :pbkdf2_elixir, "2.2.0", "2ec4f7daae2bf74cb9e52df3554bbdcec8a38104a7f0ccaa4d45d5919e4c3f19", [:mix], [{:comeonin, "~> 5.3", [hex: :comeonin, repo: "hexpm", optional: false]}], "hexpm", "6c4af97f5cae925c56caded648520510ea583eebf1587e185b9f445762197aff"},
  "plug": {:hex, :plug, "1.16.1", "40c74619c12f82736d2214557dedec2e9762029b2438d6d175c5074c933edc9d", [:mix], [{:mime, "~> 1.0 or ~> 2.0", [hex: :mime, repo: "hexpm", optional: false]}, {:plug_crypto, "~> 1.1.1 or ~> 1.2 or ~> 2.0", [hex: :plug_crypto, repo: "hexpm", optional: false]}, {:telemetry, "~> 0.4.3 or ~> 1.0", [hex: :telemetry, repo: "hexpm", optional: false]}], "hexpm", "a13ff6b9006b03d7e33874945b2755253841b238c34071ed85b0e86057f8cddc"},
  "plug_crypto": {:hex, :plug_crypto, "2.1.0", "f44309c2b06d249c27c8d3f65cfe08158ade08418cf540fd4f72d4d6863abb7b", [:mix], [], "hexpm", "131216a4b030b8f8ce0f26038bc4421ae60e4bb95c5cf5395e1421437824c4fa"},
  "sweet_xml": {:hex, :sweet_xml, "0.7.4", "a8b7e1ce7ecd775c7e8a65d501bc2cd933bff3a9c41ab763f5105688ef485d08", [:mix], [], "hexpm", "e7c4b0bdbf460c928234951def54fe87edf1a170f6896675443279e2dbeba167"},
  "telemetry": {:hex, :telemetry, "1.2.1", "68fdfe8d8f05a8428483a97d7aab2f268aaff24b49e0f599faa091f1d4e7f61c", [:rebar3], [], "hexpm", "dad9ce9d8effc621708f99eac538ef1cbe05d6a874dd741de2e689c47feafed5"},
}
